{
  "lockfileVersion": 1,
  "workspaces": {
    "": {
      "name": "httpbin.js",
      "dependencies": {
        "@hapi/hapi": "^21.4.0",
        "bunyan": "^1.8.15",
        "commander": "^11.1.0",
      },
    },
  },
  "packages": {
    "@hapi/accept": ["@hapi/accept@6.0.3", "", { "dependencies": { "@hapi/boom": "^10.0.1", "@hapi/hoek": "^11.0.2" } }, "sha512-p72f9k56EuF0n3MwlBNThyVE5PXX40g+aQh+C/xbKrfzahM2Oispv3AXmOIU51t3j77zay1qrX7IIziZXspMlw=="],

    "@hapi/ammo": ["@hapi/ammo@6.0.1", "", { "dependencies": { "@hapi/hoek": "^11.0.2" } }, "sha512-pmL+nPod4g58kXrMcsGLp05O2jF4P2Q3GiL8qYV7nKYEh3cGf+rV4P5Jyi2Uq0agGhVU63GtaSAfBEZOlrJn9w=="],

    "@hapi/b64": ["@hapi/b64@6.0.1", "", { "dependencies": { "@hapi/hoek": "^11.0.2" } }, "sha512-ZvjX4JQReUmBheeCq+S9YavcnMMHWqx3S0jHNXWIM1kQDxB9cyfSycpVvjfrKcIS8Mh5N3hmu/YKo4Iag9g2Kw=="],

    "@hapi/boom": ["@hapi/boom@10.0.1", "", { "dependencies": { "@hapi/hoek": "^11.0.2" } }, "sha512-ERcCZaEjdH3OgSJlyjVk8pHIFeus91CjKP3v+MpgBNp5IvGzP2l/bRiD78nqYcKPaZdbKkK5vDBVPd2ohHBlsA=="],

    "@hapi/bounce": ["@hapi/bounce@3.0.2", "", { "dependencies": { "@hapi/boom": "^10.0.1", "@hapi/hoek": "^11.0.2" } }, "sha512-d0XmlTi3H9HFDHhQLjg4F4auL1EY3Wqj7j7/hGDhFFe6xAbnm3qiGrXeT93zZnPH8gH+SKAFYiRzu26xkXcH3g=="],

    "@hapi/bourne": ["@hapi/bourne@3.0.0", "", {}, "sha512-Waj1cwPXJDucOib4a3bAISsKJVb15MKi9IvmTI/7ssVEm6sywXGjVJDhl6/umt1pK1ZS7PacXU3A1PmFKHEZ2w=="],

    "@hapi/call": ["@hapi/call@9.0.1", "", { "dependencies": { "@hapi/boom": "^10.0.1", "@hapi/hoek": "^11.0.2" } }, "sha512-uPojQRqEL1GRZR4xXPqcLMujQGaEpyVPRyBlD8Pp5rqgIwLhtveF9PkixiKru2THXvuN8mUrLeet5fqxKAAMGg=="],

    "@hapi/catbox": ["@hapi/catbox@12.1.1", "", { "dependencies": { "@hapi/boom": "^10.0.1", "@hapi/hoek": "^11.0.2", "@hapi/podium": "^5.0.0", "@hapi/validate": "^2.0.1" } }, "sha512-hDqYB1J+R0HtZg4iPH3LEnldoaBsar6bYp0EonBmNQ9t5CO+1CqgCul2ZtFveW1ReA5SQuze9GPSU7/aecERhw=="],

    "@hapi/catbox-memory": ["@hapi/catbox-memory@6.0.2", "", { "dependencies": { "@hapi/boom": "^10.0.1", "@hapi/hoek": "^11.0.2" } }, "sha512-H1l4ugoFW/ZRkqeFrIo8p1rWN0PA4MDTfu4JmcoNDvnY975o29mqoZblqFTotxNHlEkMPpIiIBJTV+Mbi+aF0g=="],

    "@hapi/content": ["@hapi/content@6.0.0", "", { "dependencies": { "@hapi/boom": "^10.0.0" } }, "sha512-CEhs7j+H0iQffKfe5Htdak5LBOz/Qc8TRh51cF+BFv0qnuph3Em4pjGVzJMkI2gfTDdlJKWJISGWS1rK34POGA=="],

    "@hapi/cryptiles": ["@hapi/cryptiles@6.0.1", "", { "dependencies": { "@hapi/boom": "^10.0.1" } }, "sha512-9GM9ECEHfR8lk5ASOKG4+4ZsEzFqLfhiryIJ2ISePVB92OHLp/yne4m+zn7z9dgvM98TLpiFebjDFQ0UHcqxXQ=="],

    "@hapi/file": ["@hapi/file@3.0.0", "", {}, "sha512-w+lKW+yRrLhJu620jT3y+5g2mHqnKfepreykvdOcl9/6up8GrQQn+l3FRTsjHTKbkbfQFkuksHpdv2EcpKcJ4Q=="],

    "@hapi/hapi": ["@hapi/hapi@21.4.0", "", { "dependencies": { "@hapi/accept": "^6.0.3", "@hapi/ammo": "^6.0.1", "@hapi/boom": "^10.0.1", "@hapi/bounce": "^3.0.2", "@hapi/call": "^9.0.1", "@hapi/catbox": "^12.1.1", "@hapi/catbox-memory": "^6.0.2", "@hapi/heavy": "^8.0.1", "@hapi/hoek": "^11.0.6", "@hapi/mimos": "^7.0.1", "@hapi/podium": "^5.0.1", "@hapi/shot": "^6.0.1", "@hapi/somever": "^4.1.1", "@hapi/statehood": "^8.2.0", "@hapi/subtext": "^8.1.0", "@hapi/teamwork": "^6.0.0", "@hapi/topo": "^6.0.2", "@hapi/validate": "^2.0.1" } }, "sha512-kqiRWbYYLSSt2rYbxyNj8svPsXP715p4W/K3OXpXeiiVLNSdBX4f+zfmC+dY6eyb6rqTqTAbx6x8b5HpJTkviQ=="],

    "@hapi/heavy": ["@hapi/heavy@8.0.1", "", { "dependencies": { "@hapi/boom": "^10.0.1", "@hapi/hoek": "^11.0.2", "@hapi/validate": "^2.0.1" } }, "sha512-gBD/NANosNCOp6RsYTsjo2vhr5eYA3BEuogk6cxY0QdhllkkTaJFYtTXv46xd6qhBVMbMMqcSdtqey+UQU3//w=="],

    "@hapi/hoek": ["@hapi/hoek@11.0.7", "", {}, "sha512-HV5undWkKzcB4RZUusqOpcgxOaq6VOAH7zhhIr2g3G8NF/MlFO75SjOr2NfuSx0Mh40+1FqCkagKLJRykUWoFQ=="],

    "@hapi/iron": ["@hapi/iron@7.0.1", "", { "dependencies": { "@hapi/b64": "^6.0.1", "@hapi/boom": "^10.0.1", "@hapi/bourne": "^3.0.0", "@hapi/cryptiles": "^6.0.1", "@hapi/hoek": "^11.0.2" } }, "sha512-tEZnrOujKpS6jLKliyWBl3A9PaE+ppuL/+gkbyPPDb/l2KSKQyH4lhMkVb+sBhwN+qaxxlig01JRqB8dk/mPxQ=="],

    "@hapi/mimos": ["@hapi/mimos@7.0.1", "", { "dependencies": { "@hapi/hoek": "^11.0.2", "mime-db": "^1.52.0" } }, "sha512-b79V+BrG0gJ9zcRx1VGcCI6r6GEzzZUgiGEJVoq5gwzuB2Ig9Cax8dUuBauQCFKvl2YWSWyOc8mZ8HDaJOtkew=="],

    "@hapi/nigel": ["@hapi/nigel@5.0.1", "", { "dependencies": { "@hapi/hoek": "^11.0.2", "@hapi/vise": "^5.0.1" } }, "sha512-uv3dtYuB4IsNaha+tigWmN8mQw/O9Qzl5U26Gm4ZcJVtDdB1AVJOwX3X5wOX+A07qzpEZnOMBAm8jjSqGsU6Nw=="],

    "@hapi/pez": ["@hapi/pez@6.1.0", "", { "dependencies": { "@hapi/b64": "^6.0.1", "@hapi/boom": "^10.0.1", "@hapi/content": "^6.0.0", "@hapi/hoek": "^11.0.2", "@hapi/nigel": "^5.0.1" } }, "sha512-+FE3sFPYuXCpuVeHQ/Qag1b45clR2o54QoonE/gKHv9gukxQ8oJJZPR7o3/ydDTK6racnCJXxOyT1T93FCJMIg=="],

    "@hapi/podium": ["@hapi/podium@5.0.2", "", { "dependencies": { "@hapi/hoek": "^11.0.2", "@hapi/teamwork": "^6.0.0", "@hapi/validate": "^2.0.1" } }, "sha512-T7gf2JYHQQfEfewTQFbsaXoZxSvuXO/QBIGljucUQ/lmPnTTNAepoIKOakWNVWvo2fMEDjycu77r8k6dhreqHA=="],

    "@hapi/shot": ["@hapi/shot@6.0.1", "", { "dependencies": { "@hapi/hoek": "^11.0.2", "@hapi/validate": "^2.0.1" } }, "sha512-s5ynMKZXYoDd3dqPw5YTvOR/vjHvMTxc388+0qL0jZZP1+uwXuUD32o9DuuuLsmTlyXCWi02BJl1pBpwRuUrNA=="],

    "@hapi/somever": ["@hapi/somever@4.1.1", "", { "dependencies": { "@hapi/bounce": "^3.0.1", "@hapi/hoek": "^11.0.2" } }, "sha512-lt3QQiDDOVRatS0ionFDNrDIv4eXz58IibQaZQDOg4DqqdNme8oa0iPWcE0+hkq/KTeBCPtEOjDOBKBKwDumVg=="],

    "@hapi/statehood": ["@hapi/statehood@8.2.0", "", { "dependencies": { "@hapi/boom": "^10.0.1", "@hapi/bounce": "^3.0.1", "@hapi/bourne": "^3.0.0", "@hapi/cryptiles": "^6.0.1", "@hapi/hoek": "^11.0.2", "@hapi/iron": "^7.0.1", "@hapi/validate": "^2.0.1" } }, "sha512-63JlCVIrsmuunWsyc3OeuFO+gH6v56swLCl7OM1w09l/exQKPUxSUDF2Slkuw8k91nIzr0A2/aPvjLOWf9ksrg=="],

    "@hapi/subtext": ["@hapi/subtext@8.1.0", "", { "dependencies": { "@hapi/boom": "^10.0.1", "@hapi/bourne": "^3.0.0", "@hapi/content": "^6.0.0", "@hapi/file": "^3.0.0", "@hapi/hoek": "^11.0.2", "@hapi/pez": "^6.1.0", "@hapi/wreck": "^18.0.1" } }, "sha512-PyaN4oSMtqPjjVxLny1k0iYg4+fwGusIhaom9B2StinBclHs7v46mIW706Y+Wo21lcgulGyXbQrmT/w4dus6ww=="],

    "@hapi/teamwork": ["@hapi/teamwork@6.0.0", "", {}, "sha512-05HumSy3LWfXpmJ9cr6HzwhAavrHkJ1ZRCmNE2qJMihdM5YcWreWPfyN0yKT2ZjCM92au3ZkuodjBxOibxM67A=="],

    "@hapi/topo": ["@hapi/topo@6.0.2", "", { "dependencies": { "@hapi/hoek": "^11.0.2" } }, "sha512-KR3rD5inZbGMrHmgPxsJ9dbi6zEK+C3ZwUwTa+eMwWLz7oijWUTWD2pMSNNYJAU6Qq+65NkxXjqHr/7LM2Xkqg=="],

    "@hapi/validate": ["@hapi/validate@2.0.1", "", { "dependencies": { "@hapi/hoek": "^11.0.2", "@hapi/topo": "^6.0.1" } }, "sha512-NZmXRnrSLK8MQ9y/CMqE9WSspgB9xA41/LlYR0k967aSZebWr4yNrpxIbov12ICwKy4APSlWXZga9jN5p6puPA=="],

    "@hapi/vise": ["@hapi/vise@5.0.1", "", { "dependencies": { "@hapi/hoek": "^11.0.2" } }, "sha512-XZYWzzRtINQLedPYlIkSkUr7m5Ddwlu99V9elh8CSygXstfv3UnWIXT0QD+wmR0VAG34d2Vx3olqcEhRRoTu9A=="],

    "@hapi/wreck": ["@hapi/wreck@18.1.0", "", { "dependencies": { "@hapi/boom": "^10.0.1", "@hapi/bourne": "^3.0.0", "@hapi/hoek": "^11.0.2" } }, "sha512-0z6ZRCmFEfV/MQqkQomJ7sl/hyxvcZM7LtuVqN3vdAO4vM9eBbowl0kaqQj9EJJQab+3Uuh1GxbGIBFy4NfJ4w=="],

    "balanced-match": ["balanced-match@1.0.2", "", {}, "sha512-3oSeUO0TMV67hN1AmbXsK4yaqU7tjiHlbxRDZOpH0KW9+CeX4bRAaX0Anxt0tx2MrpRpWwQaPwIlISEJhYU5Pw=="],

    "brace-expansion": ["brace-expansion@1.1.12", "", { "dependencies": { "balanced-match": "^1.0.0", "concat-map": "0.0.1" } }, "sha512-9T9UjW3r0UW5c1Q7GTwllptXwhvYmEzFhzMfZ9H7FQWt+uZePjZPjBP/W1ZEyZ1twGWom5/56TF4lPcqjnDHcg=="],

    "bunyan": ["bunyan@1.8.15", "", { "optionalDependencies": { "dtrace-provider": "~0.8", "moment": "^2.19.3", "mv": "~2", "safe-json-stringify": "~1" }, "bin": { "bunyan": "bin/bunyan" } }, "sha512-0tECWShh6wUysgucJcBAoYegf3JJoZWibxdqhTm7OHPeT42qdjkZ29QCMcKwbgU1kiH+auSIasNRXMLWXafXig=="],

    "commander": ["commander@11.1.0", "", {}, "sha512-yPVavfyCcRhmorC7rWlkHn15b4wDVgVmBA7kV4QVBsF7kv/9TKJAbAXVTxvTnwP8HHKjRCJDClKbciiYS7p0DQ=="],

    "concat-map": ["concat-map@0.0.1", "", {}, "sha512-/Srv4dswyQNBfohGpz9o6Yb3Gz3SrUDqBH5rTuhGR7ahtlbYKnVxw2bCFMRljaA7EXHaXZ8wsHdodFvbkhKmqg=="],

    "dtrace-provider": ["dtrace-provider@0.8.8", "", { "dependencies": { "nan": "^2.14.0" } }, "sha512-b7Z7cNtHPhH9EJhNNbbeqTcXB8LGFFZhq1PGgEvpeHlzd36bhbdTWoE/Ba/YguqpBSlAPKnARWhVlhunCMwfxg=="],

    "glob": ["glob@6.0.4", "", { "dependencies": { "inflight": "^1.0.4", "inherits": "2", "minimatch": "2 || 3", "once": "^1.3.0", "path-is-absolute": "^1.0.0" } }, "sha512-MKZeRNyYZAVVVG1oZeLaWie1uweH40m9AZwIwxyPbTSX4hHrVYSzLg0Ro5Z5R7XKkIX+Cc6oD1rqeDJnwsB8/A=="],

    "inflight": ["inflight@1.0.6", "", { "dependencies": { "once": "^1.3.0", "wrappy": "1" } }, "sha512-k92I/b08q4wvFscXCLvqfsHCrjrF7yiXsQuIVvVE7N82W3+aqpzuUdBbfhWcy/FZR3/4IgflMgKLOsvPDrGCJA=="],

    "inherits": ["inherits@2.0.4", "", {}, "sha512-k/vGaX4/Yla3WzyMCvTQOXYeIHvqOKtnqBduzTHpzpQZzAskKMhZ2K+EnBiSM9zGSoIFeMpXKxa4dYeZIQqewQ=="],

    "mime-db": ["mime-db@1.54.0", "", {}, "sha512-aU5EJuIN2WDemCcAp2vFBfp/m4EAhWJnUNSSw0ixs7/kXbd6Pg64EmwJkNdFhB8aWt1sH2CTXrLxo/iAGV3oPQ=="],

    "minimatch": ["minimatch@3.1.2", "", { "dependencies": { "brace-expansion": "^1.1.7" } }, "sha512-J7p63hRiAjw1NDEww1W7i37+ByIrOWO5XQQAzZ3VOcL0PNybwpfmV/N05zFAzwQ9USyEcX6t3UO+K5aqBQOIHw=="],

    "minimist": ["minimist@1.2.8", "", {}, "sha512-2yyAR8qBkN3YuheJanUpWC5U3bb5osDywNB8RzDVlDwDHbocAJveqqj1u8+SVD7jkWT4yvsHCpWqqWqAxb0zCA=="],

    "mkdirp": ["mkdirp@0.5.6", "", { "dependencies": { "minimist": "^1.2.6" }, "bin": { "mkdirp": "bin/cmd.js" } }, "sha512-FP+p8RB8OWpF3YZBCrP5gtADmtXApB5AMLn+vdyA+PyxCjrCs00mjyUozssO33cwDeT3wNGdLxJ5M//YqtHAJw=="],

    "moment": ["moment@2.30.1", "", {}, "sha512-uEmtNhbDOrWPFS+hdjFCBfy9f2YoyzRpwcl+DqpC6taX21FzsTLQVbMV/W7PzNSX6x/bhC1zA3c2UQ5NzH6how=="],

    "mv": ["mv@2.1.1", "", { "dependencies": { "mkdirp": "~0.5.1", "ncp": "~2.0.0", "rimraf": "~2.4.0" } }, "sha512-at/ZndSy3xEGJ8i0ygALh8ru9qy7gWW1cmkaqBN29JmMlIvM//MEO9y1sk/avxuwnPcfhkejkLsuPxH81BrkSg=="],

    "nan": ["nan@2.23.0", "", {}, "sha512-1UxuyYGdoQHcGg87Lkqm3FzefucTa0NAiOcuRsDmysep3c1LVCRK2krrUDafMWtjSG04htvAmvg96+SDknOmgQ=="],

    "ncp": ["ncp@2.0.0", "", { "bin": { "ncp": "./bin/ncp" } }, "sha512-zIdGUrPRFTUELUvr3Gmc7KZ2Sw/h1PiVM0Af/oHB6zgnV1ikqSfRk+TOufi79aHYCW3NiOXmr1BP5nWbzojLaA=="],

    "once": ["once@1.4.0", "", { "dependencies": { "wrappy": "1" } }, "sha512-lNaJgI+2Q5URQBkccEKHTQOPaXdUxnZZElQTZY0MFUAuaEqe1E+Nyvgdz/aIyNi6Z9MzO5dv1H8n58/GELp3+w=="],

    "path-is-absolute": ["path-is-absolute@1.0.1", "", {}, "sha512-AVbw3UJ2e9bq64vSaS9Am0fje1Pa8pbGqTTsmXfaIiMpnr5DlDhfJOuLj9Sf95ZPVDAUerDfEk88MPmPe7UCQg=="],

    "rimraf": ["rimraf@2.4.5", "", { "dependencies": { "glob": "^6.0.1" }, "bin": { "rimraf": "./bin.js" } }, "sha512-J5xnxTyqaiw06JjMftq7L9ouA448dw/E7dKghkP9WpKNuwmARNNg+Gk8/u5ryb9N/Yo2+z3MCwuqFK/+qPOPfQ=="],

    "safe-json-stringify": ["safe-json-stringify@1.2.0", "", {}, "sha512-gH8eh2nZudPQO6TytOvbxnuhYBOvDBBLW52tz5q6X58lJcd/tkmqFR+5Z9adS8aJtURSXWThWy/xJtJwixErvg=="],

    "wrappy": ["wrappy@1.0.2", "", {}, "sha512-l4Sp/DRseor9wL6EvV2+TuQn63dMkPjZ/sp9XkghTEbV9KlPS1xUsZ3u7/IQO4wxtcFB4bgpQPRcR3QCvezPcQ=="],
  }
}
