lockfileVersion: '6.0'

settings:
  autoInstallPeers: true
  excludeLinksFromLockfile: false

dependencies:
  '@hapi/hapi':
    specifier: ^21.3.2
    version: 21.3.2
  bunyan:
    specifier: ^1.8.15
    version: 1.8.15
  nomnom:
    specifier: ^1.8.1
    version: 1.8.1

packages:

  /@hapi/accept@6.0.3:
    resolution: {integrity: sha512-p72f9k56EuF0n3MwlBNThyVE5PXX40g+aQh+C/xbKrfzahM2Oispv3AXmOIU51t3j77zay1qrX7IIziZXspMlw==}
    dependencies:
      '@hapi/boom': 10.0.1
      '@hapi/hoek': 11.0.4
    dev: false

  /@hapi/ammo@6.0.1:
    resolution: {integrity: sha512-pmL+nPod4g58kXrMcsGLp05O2jF4P2Q3GiL8qYV7nKYEh3cGf+rV4P5Jyi2Uq0agGhVU63GtaSAfBEZOlrJn9w==}
    dependencies:
      '@hapi/hoek': 11.0.4
    dev: false

  /@hapi/b64@6.0.1:
    resolution: {integrity: sha512-ZvjX4JQReUmBheeCq+S9YavcnMMHWqx3S0jHNXWIM1kQDxB9cyfSycpVvjfrKcIS8Mh5N3hmu/YKo4Iag9g2Kw==}
    dependencies:
      '@hapi/hoek': 11.0.4
    dev: false

  /@hapi/boom@10.0.1:
    resolution: {integrity: sha512-ERcCZaEjdH3OgSJlyjVk8pHIFeus91CjKP3v+MpgBNp5IvGzP2l/bRiD78nqYcKPaZdbKkK5vDBVPd2ohHBlsA==}
    dependencies:
      '@hapi/hoek': 11.0.4
    dev: false

  /@hapi/bounce@3.0.1:
    resolution: {integrity: sha512-G+/Pp9c1Ha4FDP+3Sy/Xwg2O4Ahaw3lIZFSX+BL4uWi64CmiETuZPxhKDUD4xBMOUZbBlzvO8HjiK8ePnhBadA==}
    dependencies:
      '@hapi/boom': 10.0.1
      '@hapi/hoek': 11.0.4
    dev: false

  /@hapi/bourne@3.0.0:
    resolution: {integrity: sha512-Waj1cwPXJDucOib4a3bAISsKJVb15MKi9IvmTI/7ssVEm6sywXGjVJDhl6/umt1pK1ZS7PacXU3A1PmFKHEZ2w==}
    dev: false

  /@hapi/call@9.0.1:
    resolution: {integrity: sha512-uPojQRqEL1GRZR4xXPqcLMujQGaEpyVPRyBlD8Pp5rqgIwLhtveF9PkixiKru2THXvuN8mUrLeet5fqxKAAMGg==}
    dependencies:
      '@hapi/boom': 10.0.1
      '@hapi/hoek': 11.0.4
    dev: false

  /@hapi/catbox-memory@6.0.1:
    resolution: {integrity: sha512-sVb+/ZxbZIvaMtJfAbdyY+QJUQg9oKTwamXpEg/5xnfG5WbJLTjvEn4kIGKz9pN3ENNbIL/bIdctmHmqi/AdGA==}
    dependencies:
      '@hapi/boom': 10.0.1
      '@hapi/hoek': 11.0.4
    dev: false

  /@hapi/catbox@12.1.1:
    resolution: {integrity: sha512-hDqYB1J+R0HtZg4iPH3LEnldoaBsar6bYp0EonBmNQ9t5CO+1CqgCul2ZtFveW1ReA5SQuze9GPSU7/aecERhw==}
    dependencies:
      '@hapi/boom': 10.0.1
      '@hapi/hoek': 11.0.4
      '@hapi/podium': 5.0.1
      '@hapi/validate': 2.0.1
    dev: false

  /@hapi/content@6.0.0:
    resolution: {integrity: sha512-CEhs7j+H0iQffKfe5Htdak5LBOz/Qc8TRh51cF+BFv0qnuph3Em4pjGVzJMkI2gfTDdlJKWJISGWS1rK34POGA==}
    dependencies:
      '@hapi/boom': 10.0.1
    dev: false

  /@hapi/cryptiles@6.0.1:
    resolution: {integrity: sha512-9GM9ECEHfR8lk5ASOKG4+4ZsEzFqLfhiryIJ2ISePVB92OHLp/yne4m+zn7z9dgvM98TLpiFebjDFQ0UHcqxXQ==}
    engines: {node: '>=14.0.0'}
    dependencies:
      '@hapi/boom': 10.0.1
    dev: false

  /@hapi/file@3.0.0:
    resolution: {integrity: sha512-w+lKW+yRrLhJu620jT3y+5g2mHqnKfepreykvdOcl9/6up8GrQQn+l3FRTsjHTKbkbfQFkuksHpdv2EcpKcJ4Q==}
    dev: false

  /@hapi/hapi@21.3.2:
    resolution: {integrity: sha512-tbm0zmsdUj8iw4NzFV30FST/W4qzh/Lsw6Q5o5gAhOuoirWvxm8a4G3o60bqBw8nXvRNJ8uLtE0RKLlZINxHcQ==}
    engines: {node: '>=14.15.0'}
    dependencies:
      '@hapi/accept': 6.0.3
      '@hapi/ammo': 6.0.1
      '@hapi/boom': 10.0.1
      '@hapi/bounce': 3.0.1
      '@hapi/call': 9.0.1
      '@hapi/catbox': 12.1.1
      '@hapi/catbox-memory': 6.0.1
      '@hapi/heavy': 8.0.1
      '@hapi/hoek': 11.0.4
      '@hapi/mimos': 7.0.1
      '@hapi/podium': 5.0.1
      '@hapi/shot': 6.0.1
      '@hapi/somever': 4.1.1
      '@hapi/statehood': 8.1.1
      '@hapi/subtext': 8.1.0
      '@hapi/teamwork': 6.0.0
      '@hapi/topo': 6.0.2
      '@hapi/validate': 2.0.1
    dev: false

  /@hapi/heavy@8.0.1:
    resolution: {integrity: sha512-gBD/NANosNCOp6RsYTsjo2vhr5eYA3BEuogk6cxY0QdhllkkTaJFYtTXv46xd6qhBVMbMMqcSdtqey+UQU3//w==}
    dependencies:
      '@hapi/boom': 10.0.1
      '@hapi/hoek': 11.0.4
      '@hapi/validate': 2.0.1
    dev: false

  /@hapi/hoek@11.0.4:
    resolution: {integrity: sha512-PnsP5d4q7289pS2T2EgGz147BFJ2Jpb4yrEdkpz2IhgEUzos1S7HTl7ezWh1yfYzYlj89KzLdCRkqsP6SIryeQ==}
    dev: false

  /@hapi/iron@7.0.1:
    resolution: {integrity: sha512-tEZnrOujKpS6jLKliyWBl3A9PaE+ppuL/+gkbyPPDb/l2KSKQyH4lhMkVb+sBhwN+qaxxlig01JRqB8dk/mPxQ==}
    dependencies:
      '@hapi/b64': 6.0.1
      '@hapi/boom': 10.0.1
      '@hapi/bourne': 3.0.0
      '@hapi/cryptiles': 6.0.1
      '@hapi/hoek': 11.0.4
    dev: false

  /@hapi/mimos@7.0.1:
    resolution: {integrity: sha512-b79V+BrG0gJ9zcRx1VGcCI6r6GEzzZUgiGEJVoq5gwzuB2Ig9Cax8dUuBauQCFKvl2YWSWyOc8mZ8HDaJOtkew==}
    dependencies:
      '@hapi/hoek': 11.0.4
      mime-db: 1.52.0
    dev: false

  /@hapi/nigel@5.0.1:
    resolution: {integrity: sha512-uv3dtYuB4IsNaha+tigWmN8mQw/O9Qzl5U26Gm4ZcJVtDdB1AVJOwX3X5wOX+A07qzpEZnOMBAm8jjSqGsU6Nw==}
    engines: {node: '>=14.0.0'}
    dependencies:
      '@hapi/hoek': 11.0.4
      '@hapi/vise': 5.0.1
    dev: false

  /@hapi/pez@6.1.0:
    resolution: {integrity: sha512-+FE3sFPYuXCpuVeHQ/Qag1b45clR2o54QoonE/gKHv9gukxQ8oJJZPR7o3/ydDTK6racnCJXxOyT1T93FCJMIg==}
    dependencies:
      '@hapi/b64': 6.0.1
      '@hapi/boom': 10.0.1
      '@hapi/content': 6.0.0
      '@hapi/hoek': 11.0.4
      '@hapi/nigel': 5.0.1
    dev: false

  /@hapi/podium@5.0.1:
    resolution: {integrity: sha512-eznFTw6rdBhAijXFIlBOMJJd+lXTvqbrBIS4Iu80r2KTVIo4g+7fLy4NKp/8+UnSt5Ox6mJtAlKBU/Sf5080TQ==}
    dependencies:
      '@hapi/hoek': 11.0.4
      '@hapi/teamwork': 6.0.0
      '@hapi/validate': 2.0.1
    dev: false

  /@hapi/shot@6.0.1:
    resolution: {integrity: sha512-s5ynMKZXYoDd3dqPw5YTvOR/vjHvMTxc388+0qL0jZZP1+uwXuUD32o9DuuuLsmTlyXCWi02BJl1pBpwRuUrNA==}
    dependencies:
      '@hapi/hoek': 11.0.4
      '@hapi/validate': 2.0.1
    dev: false

  /@hapi/somever@4.1.1:
    resolution: {integrity: sha512-lt3QQiDDOVRatS0ionFDNrDIv4eXz58IibQaZQDOg4DqqdNme8oa0iPWcE0+hkq/KTeBCPtEOjDOBKBKwDumVg==}
    dependencies:
      '@hapi/bounce': 3.0.1
      '@hapi/hoek': 11.0.4
    dev: false

  /@hapi/statehood@8.1.1:
    resolution: {integrity: sha512-YbK7PSVUA59NArAW5Np0tKRoIZ5VNYUicOk7uJmWZF6XyH5gGL+k62w77SIJb0AoAJ0QdGQMCQ/WOGL1S3Ydow==}
    dependencies:
      '@hapi/boom': 10.0.1
      '@hapi/bounce': 3.0.1
      '@hapi/bourne': 3.0.0
      '@hapi/cryptiles': 6.0.1
      '@hapi/hoek': 11.0.4
      '@hapi/iron': 7.0.1
      '@hapi/validate': 2.0.1
    dev: false

  /@hapi/subtext@8.1.0:
    resolution: {integrity: sha512-PyaN4oSMtqPjjVxLny1k0iYg4+fwGusIhaom9B2StinBclHs7v46mIW706Y+Wo21lcgulGyXbQrmT/w4dus6ww==}
    dependencies:
      '@hapi/boom': 10.0.1
      '@hapi/bourne': 3.0.0
      '@hapi/content': 6.0.0
      '@hapi/file': 3.0.0
      '@hapi/hoek': 11.0.4
      '@hapi/pez': 6.1.0
      '@hapi/wreck': 18.0.1
    dev: false

  /@hapi/teamwork@6.0.0:
    resolution: {integrity: sha512-05HumSy3LWfXpmJ9cr6HzwhAavrHkJ1ZRCmNE2qJMihdM5YcWreWPfyN0yKT2ZjCM92au3ZkuodjBxOibxM67A==}
    engines: {node: '>=14.0.0'}
    dev: false

  /@hapi/topo@6.0.2:
    resolution: {integrity: sha512-KR3rD5inZbGMrHmgPxsJ9dbi6zEK+C3ZwUwTa+eMwWLz7oijWUTWD2pMSNNYJAU6Qq+65NkxXjqHr/7LM2Xkqg==}
    dependencies:
      '@hapi/hoek': 11.0.4
    dev: false

  /@hapi/validate@2.0.1:
    resolution: {integrity: sha512-NZmXRnrSLK8MQ9y/CMqE9WSspgB9xA41/LlYR0k967aSZebWr4yNrpxIbov12ICwKy4APSlWXZga9jN5p6puPA==}
    dependencies:
      '@hapi/hoek': 11.0.4
      '@hapi/topo': 6.0.2
    dev: false

  /@hapi/vise@5.0.1:
    resolution: {integrity: sha512-XZYWzzRtINQLedPYlIkSkUr7m5Ddwlu99V9elh8CSygXstfv3UnWIXT0QD+wmR0VAG34d2Vx3olqcEhRRoTu9A==}
    dependencies:
      '@hapi/hoek': 11.0.4
    dev: false

  /@hapi/wreck@18.0.1:
    resolution: {integrity: sha512-OLHER70+rZxvDl75xq3xXOfd3e8XIvz8fWY0dqg92UvhZ29zo24vQgfqgHSYhB5ZiuFpSLeriOisAlxAo/1jWg==}
    dependencies:
      '@hapi/boom': 10.0.1
      '@hapi/bourne': 3.0.0
      '@hapi/hoek': 11.0.4
    dev: false

  /ansi-styles@1.0.0:
    resolution: {integrity: sha512-3iF4FIKdxaVYT3JqQuY3Wat/T2t7TRbbQ94Fu50ZUCbLy4TFbTzr90NOHQodQkNqmeEGCw8WbeP78WNi6SKYUA==}
    engines: {node: '>=0.8.0'}
    dev: false

  /balanced-match@1.0.2:
    resolution: {integrity: sha512-3oSeUO0TMV67hN1AmbXsK4yaqU7tjiHlbxRDZOpH0KW9+CeX4bRAaX0Anxt0tx2MrpRpWwQaPwIlISEJhYU5Pw==}
    requiresBuild: true
    dev: false
    optional: true

  /brace-expansion@1.1.11:
    resolution: {integrity: sha512-iCuPHDFgrHX7H2vEI/5xpz07zSHB00TpugqhmYtVmMO6518mCuRMoOYFldEBl0g187ufozdaHgWKcYFb61qGiA==}
    requiresBuild: true
    dependencies:
      balanced-match: 1.0.2
      concat-map: 0.0.1
    dev: false
    optional: true

  /bunyan@1.8.15:
    resolution: {integrity: sha512-0tECWShh6wUysgucJcBAoYegf3JJoZWibxdqhTm7OHPeT42qdjkZ29QCMcKwbgU1kiH+auSIasNRXMLWXafXig==}
    engines: {'0': node >=0.10.0}
    hasBin: true
    optionalDependencies:
      dtrace-provider: 0.8.8
      moment: 2.30.1
      mv: 2.1.1
      safe-json-stringify: 1.2.0
    dev: false

  /chalk@0.4.0:
    resolution: {integrity: sha512-sQfYDlfv2DGVtjdoQqxS0cEZDroyG8h6TamA6rvxwlrU5BaSLDx9xhatBYl2pxZ7gmpNaPFVwBtdGdu5rQ+tYQ==}
    engines: {node: '>=0.8.0'}
    dependencies:
      ansi-styles: 1.0.0
      has-color: 0.1.7
      strip-ansi: 0.1.1
    dev: false

  /concat-map@0.0.1:
    resolution: {integrity: sha512-/Srv4dswyQNBfohGpz9o6Yb3Gz3SrUDqBH5rTuhGR7ahtlbYKnVxw2bCFMRljaA7EXHaXZ8wsHdodFvbkhKmqg==}
    requiresBuild: true
    dev: false
    optional: true

  /dtrace-provider@0.8.8:
    resolution: {integrity: sha512-b7Z7cNtHPhH9EJhNNbbeqTcXB8LGFFZhq1PGgEvpeHlzd36bhbdTWoE/Ba/YguqpBSlAPKnARWhVlhunCMwfxg==}
    engines: {node: '>=0.10'}
    requiresBuild: true
    dependencies:
      nan: 2.18.0
    dev: false
    optional: true

  /glob@6.0.4:
    resolution: {integrity: sha512-MKZeRNyYZAVVVG1oZeLaWie1uweH40m9AZwIwxyPbTSX4hHrVYSzLg0Ro5Z5R7XKkIX+Cc6oD1rqeDJnwsB8/A==}
    requiresBuild: true
    dependencies:
      inflight: 1.0.6
      inherits: 2.0.4
      minimatch: 3.1.2
      once: 1.4.0
      path-is-absolute: 1.0.1
    dev: false
    optional: true

  /has-color@0.1.7:
    resolution: {integrity: sha512-kaNz5OTAYYmt646Hkqw50/qyxP2vFnTVu5AQ1Zmk22Kk5+4Qx6BpO8+u7IKsML5fOsFk0ZT0AcCJNYwcvaLBvw==}
    engines: {node: '>=0.10.0'}
    dev: false

  /inflight@1.0.6:
    resolution: {integrity: sha512-k92I/b08q4wvFscXCLvqfsHCrjrF7yiXsQuIVvVE7N82W3+aqpzuUdBbfhWcy/FZR3/4IgflMgKLOsvPDrGCJA==}
    requiresBuild: true
    dependencies:
      once: 1.4.0
      wrappy: 1.0.2
    dev: false
    optional: true

  /inherits@2.0.4:
    resolution: {integrity: sha512-k/vGaX4/Yla3WzyMCvTQOXYeIHvqOKtnqBduzTHpzpQZzAskKMhZ2K+EnBiSM9zGSoIFeMpXKxa4dYeZIQqewQ==}
    requiresBuild: true
    dev: false
    optional: true

  /mime-db@1.52.0:
    resolution: {integrity: sha512-sPU4uV7dYlvtWJxwwxHD0PuihVNiE7TyAbQ5SWxDCB9mUYvOgroQOwYQQOKPJ8CIbE+1ETVlOoK1UC2nU3gYvg==}
    engines: {node: '>= 0.6'}
    dev: false

  /minimatch@3.1.2:
    resolution: {integrity: sha512-J7p63hRiAjw1NDEww1W7i37+ByIrOWO5XQQAzZ3VOcL0PNybwpfmV/N05zFAzwQ9USyEcX6t3UO+K5aqBQOIHw==}
    requiresBuild: true
    dependencies:
      brace-expansion: 1.1.11
    dev: false
    optional: true

  /minimist@1.2.8:
    resolution: {integrity: sha512-2yyAR8qBkN3YuheJanUpWC5U3bb5osDywNB8RzDVlDwDHbocAJveqqj1u8+SVD7jkWT4yvsHCpWqqWqAxb0zCA==}
    requiresBuild: true
    dev: false
    optional: true

  /mkdirp@0.5.6:
    resolution: {integrity: sha512-FP+p8RB8OWpF3YZBCrP5gtADmtXApB5AMLn+vdyA+PyxCjrCs00mjyUozssO33cwDeT3wNGdLxJ5M//YqtHAJw==}
    hasBin: true
    requiresBuild: true
    dependencies:
      minimist: 1.2.8
    dev: false
    optional: true

  /moment@2.30.1:
    resolution: {integrity: sha512-uEmtNhbDOrWPFS+hdjFCBfy9f2YoyzRpwcl+DqpC6taX21FzsTLQVbMV/W7PzNSX6x/bhC1zA3c2UQ5NzH6how==}
    requiresBuild: true
    dev: false
    optional: true

  /mv@2.1.1:
    resolution: {integrity: sha512-at/ZndSy3xEGJ8i0ygALh8ru9qy7gWW1cmkaqBN29JmMlIvM//MEO9y1sk/avxuwnPcfhkejkLsuPxH81BrkSg==}
    engines: {node: '>=0.8.0'}
    requiresBuild: true
    dependencies:
      mkdirp: 0.5.6
      ncp: 2.0.0
      rimraf: 2.4.5
    dev: false
    optional: true

  /nan@2.18.0:
    resolution: {integrity: sha512-W7tfG7vMOGtD30sHoZSSc/JVYiyDPEyQVso/Zz+/uQd0B0L46gtC+pHha5FFMRpil6fm/AoEcRWyOVi4+E/f8w==}
    requiresBuild: true
    dev: false
    optional: true

  /ncp@2.0.0:
    resolution: {integrity: sha512-zIdGUrPRFTUELUvr3Gmc7KZ2Sw/h1PiVM0Af/oHB6zgnV1ikqSfRk+TOufi79aHYCW3NiOXmr1BP5nWbzojLaA==}
    hasBin: true
    requiresBuild: true
    dev: false
    optional: true

  /nomnom@1.8.1:
    resolution: {integrity: sha512-5s0JxqhDx9/rksG2BTMVN1enjWSvPidpoSgViZU4ZXULyTe+7jxcCRLB6f42Z0l1xYJpleCBtSyY6Lwg3uu5CQ==}
    deprecated: Package no longer supported. Contact support@npmjs.com for more info.
    dependencies:
      chalk: 0.4.0
      underscore: 1.6.0
    dev: false

  /once@1.4.0:
    resolution: {integrity: sha512-lNaJgI+2Q5URQBkccEKHTQOPaXdUxnZZElQTZY0MFUAuaEqe1E+Nyvgdz/aIyNi6Z9MzO5dv1H8n58/GELp3+w==}
    requiresBuild: true
    dependencies:
      wrappy: 1.0.2
    dev: false
    optional: true

  /path-is-absolute@1.0.1:
    resolution: {integrity: sha512-AVbw3UJ2e9bq64vSaS9Am0fje1Pa8pbGqTTsmXfaIiMpnr5DlDhfJOuLj9Sf95ZPVDAUerDfEk88MPmPe7UCQg==}
    engines: {node: '>=0.10.0'}
    requiresBuild: true
    dev: false
    optional: true

  /rimraf@2.4.5:
    resolution: {integrity: sha512-J5xnxTyqaiw06JjMftq7L9ouA448dw/E7dKghkP9WpKNuwmARNNg+Gk8/u5ryb9N/Yo2+z3MCwuqFK/+qPOPfQ==}
    hasBin: true
    requiresBuild: true
    dependencies:
      glob: 6.0.4
    dev: false
    optional: true

  /safe-json-stringify@1.2.0:
    resolution: {integrity: sha512-gH8eh2nZudPQO6TytOvbxnuhYBOvDBBLW52tz5q6X58lJcd/tkmqFR+5Z9adS8aJtURSXWThWy/xJtJwixErvg==}
    requiresBuild: true
    dev: false
    optional: true

  /strip-ansi@0.1.1:
    resolution: {integrity: sha512-behete+3uqxecWlDAm5lmskaSaISA+ThQ4oNNBDTBJt0x2ppR6IPqfZNuj6BLaLJ/Sji4TPZlcRyOis8wXQTLg==}
    engines: {node: '>=0.8.0'}
    hasBin: true
    dev: false

  /underscore@1.6.0:
    resolution: {integrity: sha512-z4o1fvKUojIWh9XuaVLUDdf86RQiq13AC1dmHbTpoyuu+bquHms76v16CjycCbec87J7z0k//SiQVk0sMdFmpQ==}
    dev: false

  /wrappy@1.0.2:
    resolution: {integrity: sha512-l4Sp/DRseor9wL6EvV2+TuQn63dMkPjZ/sp9XkghTEbV9KlPS1xUsZ3u7/IQO4wxtcFB4bgpQPRcR3QCvezPcQ==}
    requiresBuild: true
    dev: false
    optional: true
